
Microsoft Visual Studio Solution File, Format Version 12.00
# Visual Studio Version 17
VisualStudioVersion = 17.1.32210.238
MinimumVisualStudioVersion = 10.0.40219.1
Project("{9A19103F-16F7-4668-BE54-9A1E7A4F7556}") = "Carbon.Domain.Abstractions", "Carbon.Domain.Abstractions\Carbon.Domain.Abstractions.csproj", "{1353BC6E-5373-4E94-A1B4-A825D79EF2BA}"
EndProject
Project("{9A19103F-16F7-4668-BE54-9A1E7A4F7556}") = "Carbon.ExceptionHandling.Abstractions", "Carbon.ExceptionHandling\Carbon.ExceptionHandling.Abstractions.csproj", "{33F7B856-E12C-4CDC-9652-49E327BDBA75}"
EndProject
Project("{9A19103F-16F7-4668-BE54-9A1E7A4F7556}") = "Carbon.Domain.EntityFrameworkCore", "Carbon.Domain.EntityFrameworkCore.Extensions\Carbon.Domain.EntityFrameworkCore.csproj", "{1A3D66AB-24FD-49CD-B85F-920F7AD560D6}"
EndProject
Project("{9A19103F-16F7-4668-BE54-9A1E7A4F7556}") = "Carbon.ConsoleApplication", "Carbon.ConsoleApplication.Extensions\Carbon.ConsoleApplication.csproj", "{D92D38A5-923A-4CE0-83B2-4578383EEC70}"
EndProject
Project("{9A19103F-16F7-4668-BE54-9A1E7A4F7556}") = "Carbon.PagedList", "Carbon.PagedList\Carbon.PagedList.csproj", "{82AAE197-20F9-44C9-9B86-D4673A8899A8}"
EndProject
Project("{9A19103F-16F7-4668-BE54-9A1E7A4F7556}") = "Carbon.Common", "Carbon.Common\Carbon.Common.csproj", "{7C51DD99-5243-40D9-BFB5-9E1F4DA4056B}"
EndProject
Project("{9A19103F-16F7-4668-BE54-9A1E7A4F7556}") = "Carbon.WebApplication", "Carbon.WebApplication\Carbon.WebApplication.csproj", "{7B9A4FAA-8D00-4A21-8EE6-6909A9152863}"
EndProject
Project("{2150E333-8FDC-42A3-9474-1A3956D46DE8}") = "tests", "tests", "{C22416E6-A406-44C9-9347-D6E9826FE6F9}"
EndProject
Project("{9A19103F-16F7-4668-BE54-9A1E7A4F7556}") = "Carbon.WebApplication.EntityFrameworkCore", "Carbon.WebApplication.EntityFrameworkCore\Carbon.WebApplication.EntityFrameworkCore.csproj", "{D21B58AC-8D3E-4BE4-8D3F-4129686BDAE1}"
EndProject
Project("{9A19103F-16F7-4668-BE54-9A1E7A4F7556}") = "Carbon.PagedList.EntityFrameworkCore", "Carbon.PagedList.EntityFrameworkCore\Carbon.PagedList.EntityFrameworkCore.csproj", "{2BAAF760-68D4-4198-998C-EDADFC7BA22F}"
EndProject
Project("{9A19103F-16F7-4668-BE54-9A1E7A4F7556}") = "Carbon.PagedList.Mapster", "Carbon.PagedList.Mapster\Carbon.PagedList.Mapster.csproj", "{F593B998-3CDB-4144-AE11-A857C7C296D1}"
EndProject
Project("{2150E333-8FDC-42A3-9474-1A3956D46DE8}") = "templates", "templates", "{D90DEEBA-BBAE-48A2-AD9D-69E18808B3B0}"
EndProject
Project("{9A19103F-16F7-4668-BE54-9A1E7A4F7556}") = "Carbon.MassTransit", "Carbon.MassTransit\Carbon.MassTransit.csproj", "{4E873D6E-07DA-4525-9748-0F17F252CF77}"
EndProject
Project("{9A19103F-16F7-4668-BE54-9A1E7A4F7556}") = "Carbon.HttpClient", "Carbon.HttpClient\Carbon.HttpClient.csproj", "{B0819129-5CFA-4DF4-81F9-09A1D727E2AB}"
EndProject
Project("{9A19103F-16F7-4668-BE54-9A1E7A4F7556}") = "Carbon.MassTransit.Abstractions", "Carbon.MassTransit.Abstractions\Carbon.MassTransit.Abstractions.csproj", "{652FE57C-B364-40DD-B083-B5EDBA95C9E6}"
EndProject
Project("{9A19103F-16F7-4668-BE54-9A1E7A4F7556}") = "Carbon.Redis", "Carbon.Redis\Carbon.Redis.csproj", "{CCAC7E7E-B062-4C1D-87D8-02BC3C91CEFF}"
EndProject
Project("{2150E333-8FDC-42A3-9474-1A3956D46DE8}") = "Common", "Common", "{2607B98C-686D-417E-ABFA-A8EA5307769E}"
EndProject
Project("{9A19103F-16F7-4668-BE54-9A1E7A4F7556}") = "Carbon.Test.Common", "tests\Common\Carbon.Test.Common\Carbon.Test.Common.csproj", "{EEE740AD-B5C6-4BF0-B43B-052834DED506}"
EndProject
Project("{9A19103F-16F7-4668-BE54-9A1E7A4F7556}") = "Carbon.Common.UnitTests", "tests\Carbon.Common.UnitTests\Carbon.Common.UnitTests.csproj", "{2DDCBC74-4D19-45DE-AD9B-5D9B95C124C7}"
EndProject
Project("{9A19103F-16F7-4668-BE54-9A1E7A4F7556}") = "Carbon.Domain.EntityFrameworkCore.UnitTests", "tests\Carbon.Domain.EntityFrameworkCore.UnitTests\Carbon.Domain.EntityFrameworkCore.UnitTests.csproj", "{22CD275A-2CDC-4E96-9A14-1690F8CBC0E8}"
EndProject
Project("{9A19103F-16F7-4668-BE54-9A1E7A4F7556}") = "Carbon.HttpClient.UnitTests", "tests\Carbon.HttpClient.UnitTests\Carbon.HttpClient.UnitTests.csproj", "{51376F63-14B1-45F4-A730-D512C6F1C755}"
EndProject
Project("{9A19103F-16F7-4668-BE54-9A1E7A4F7556}") = "Carbon.MassTransit.Abstractions.UnitTests", "tests\Carbon.MassTransit.Abstractions.UnitTests\Carbon.MassTransit.Abstractions.UnitTests.csproj", "{2F67393E-DE50-44B4-97A8-47DF2C697C14}"
EndProject
Project("{9A19103F-16F7-4668-BE54-9A1E7A4F7556}") = "Carbon.MassTransit.UnitTests", "tests\Carbon.MassTransit.UnitTests\Carbon.MassTransit.UnitTests.csproj", "{4D76C5AD-B1BA-41EF-AAAE-96F585182567}"
EndProject
Project("{9A19103F-16F7-4668-BE54-9A1E7A4F7556}") = "Carbon.PagedList.EntityFrameworkCore.UnitTests", "tests\Carbon.PagedList.EntityFrameworkCore.UnitTests\Carbon.PagedList.EntityFrameworkCore.UnitTests.csproj", "{9082911B-ABFE-4357-B516-DC3222C98484}"
EndProject
Project("{9A19103F-16F7-4668-BE54-9A1E7A4F7556}") = "Carbon.PageList.Mapster.UnitTests", "tests\Carbon.PageList.Mapster.UnitTests\Carbon.PageList.Mapster.UnitTests.csproj", "{D931CC10-5B5E-45C3-BEED-78C30545562B}"
EndProject
Project("{9A19103F-16F7-4668-BE54-9A1E7A4F7556}") = "Carbon.PagedList.UnitTests", "tests\Carbon.PagedList.UnitTests\Carbon.PagedList.UnitTests.csproj", "{8E4A246B-0E79-4488-9246-B45499EE956F}"
EndProject
Project("{9A19103F-16F7-4668-BE54-9A1E7A4F7556}") = "Carbon.WebApplication.UnitTests", "tests\Carbon.WebApplication.UnitTests\Carbon.WebApplication.UnitTests.csproj", "{0428CF8C-1363-4941-8A8D-9D0A2777A85E}"
EndProject
Project("{9A19103F-16F7-4668-BE54-9A1E7A4F7556}") = "Carbon.Redis.UnitTests", "tests\Carbon.Redis.UnitTests\Carbon.Redis.UnitTests.csproj", "{E0375C00-E000-4CAC-AB11-B90FD8E5B2F3}"
EndProject
Project("{9A19103F-16F7-4668-BE54-9A1E7A4F7556}") = "Carbon.WebApplication.EntityFrameworkCore.UnitTests", "Carbon.WebApplication.EntityFrameworkCore.UnitTests\Carbon.WebApplication.EntityFrameworkCore.UnitTests.csproj", "{3D77B813-4819-41BB-98B8-B66B15D57684}"
EndProject
Project("{9A19103F-16F7-4668-BE54-9A1E7A4F7556}") = "Carbon.ElasticSearch.Abstractions", "Carbon.ElasticSearch.Abstractions\Carbon.ElasticSearch.Abstractions.csproj", "{BDCF1C00-D0D9-4328-8817-4D093F30CEE1}"
EndProject
Project("{9A19103F-16F7-4668-BE54-9A1E7A4F7556}") = "Carbon.ElasticSearch", "Carbon.ElasticSearch\Carbon.ElasticSearch.csproj", "{7AEAD788-E78D-4825-9761-AEB2570DE3E0}"
EndProject
Project("{9A19103F-16F7-4668-BE54-9A1E7A4F7556}") = "Carbon.Cassandra.Abstractions", "Carbon.Cassandra.Abstractions\Carbon.Cassandra.Abstractions.csproj", "{349DA1D6-1BE7-40F2-862F-136773913372}"
EndProject
Project("{9A19103F-16F7-4668-BE54-9A1E7A4F7556}") = "Carbon.Cassandra", "Carbon.Cassandra\Carbon.Cassandra.csproj", "{5323A62A-EE22-4A47-96B7-D32F0FA1C755}"
EndProject
Project("{9A19103F-16F7-4668-BE54-9A1E7A4F7556}") = "Carbon.WebApplication.SolutionService", "Carbon.WebApplication.SolutionService\Carbon.WebApplication.SolutionService.csproj", "{590469F3-F2CA-45D3-97AB-5B7F5D6FE7A0}"
EndProject
Project("{2150E333-8FDC-42A3-9474-1A3956D46DE8}") = "Solution Items", "Solution Items", "{E0C2B361-F1AC-4A0C-83F0-1E62BDE756CB}"
	ProjectSection(SolutionItems) = preProject
		SolutionItems\NuGet.Config = SolutionItems\NuGet.Config
	EndProjectSection
EndProject
Project("{9A19103F-16F7-4668-BE54-9A1E7A4F7556}") = "Carbon.WebApplication.Grpc", "Carbon.WebApplication.Grpc\Carbon.WebApplication.Grpc.csproj", "{CDF3C53D-CA2F-4FF1-928F-5F780F095314}"
EndProject
Project("{9A19103F-16F7-4668-BE54-9A1E7A4F7556}") = "Carbon.WebApplication.Grpc.Client", "Carbon.WebApplication.Grpc.Client\Carbon.WebApplication.Grpc.Client.csproj", "{FC169B21-D0C7-438C-BE78-D10480DACAB8}"
EndProject
Project("{9A19103F-16F7-4668-BE54-9A1E7A4F7556}") = "Carbon.HttpClient.Auth", "Carbon.HttpClient.Auth\Carbon.HttpClient.Auth.csproj", "{D92FABC0-94E2-4B08-87F4-EF7972C79A3C}"
EndProject
Project("{9A19103F-16F7-4668-BE54-9A1E7A4F7556}") = "Carbon.TimeScaleDb", "Carbon.TimeScaleDb\Carbon.TimeScaleDb.csproj", "{6A631AAE-28E7-4177-A7D6-99ED5E5A0600}"
EndProject
Project("{9A19103F-16F7-4668-BE54-9A1E7A4F7556}") = "Carbon.TimeScaleDb.EntityFrameworkCore", "Carbon.TimeScaleDb.EntityFrameworkCore\Carbon.TimeScaleDb.EntityFrameworkCore.csproj", "{5CE49E3E-D32F-4840-A28B-F99025D3EB88}"
EndProject
Project("{9A19103F-16F7-4668-BE54-9A1E7A4F7556}") = "Carbon.TimeSeriesDb.Abstractions", "Carbon.TimeSeriesDb.Abstractions\Carbon.TimeSeriesDb.Abstractions.csproj", "{840E295B-7466-4368-9FE9-89008A5D1A8E}"
EndProject
Project("{9A19103F-16F7-4668-BE54-9A1E7A4F7556}") = "Carbon.Quartz.Migrate.MSSQL", "Carbon.Quartz.Migrate.MSSQL\Carbon.Quartz.Migrate.MSSQL.csproj", "{8888A9E8-9513-4654-89FA-11C71BC23F93}"
EndProject
Project("{9A19103F-16F7-4668-BE54-9A1E7A4F7556}") = "Carbon.Quartz.Migrate.PostgreSQL", "Carbon.Quartz.Migrate.PostgreSQL\Carbon.Quartz.Migrate.PostgreSQL.csproj", "{746E5F87-AF61-4DA5-B58C-76E038042831}"
EndProject
Project("{9A19103F-16F7-4668-BE54-9A1E7A4F7556}") = "Carbon.Quartz.Migrate.Context", "Carbon.Quartz.Migrate.Context\Carbon.Quartz.Migrate.Context.csproj", "{0971E433-6A35-456F-B456-8D3F1046FC8D}"
EndProject
Project("{9A19103F-16F7-4668-BE54-9A1E7A4F7556}") = "Carbon.Quartz", "Carbon.Quartz\Carbon.Quartz.csproj", "{BA4FCE43-E9CC-44B6-B7DD-D70C35BBD69D}"
EndProject
Global
	GlobalSection(SolutionConfigurationPlatforms) = preSolution
		Debug|Any CPU = Debug|Any CPU
		Release|Any CPU = Release|Any CPU
	EndGlobalSection
	GlobalSection(ProjectConfigurationPlatforms) = postSolution
		{1353BC6E-5373-4E94-A1B4-A825D79EF2BA}.Debug|Any CPU.ActiveCfg = Debug|Any CPU
		{1353BC6E-5373-4E94-A1B4-A825D79EF2BA}.Debug|Any CPU.Build.0 = Debug|Any CPU
		{1353BC6E-5373-4E94-A1B4-A825D79EF2BA}.Release|Any CPU.ActiveCfg = Release|Any CPU
		{1353BC6E-5373-4E94-A1B4-A825D79EF2BA}.Release|Any CPU.Build.0 = Release|Any CPU
		{33F7B856-E12C-4CDC-9652-49E327BDBA75}.Debug|Any CPU.ActiveCfg = Debug|Any CPU
		{33F7B856-E12C-4CDC-9652-49E327BDBA75}.Debug|Any CPU.Build.0 = Debug|Any CPU
		{33F7B856-E12C-4CDC-9652-49E327BDBA75}.Release|Any CPU.ActiveCfg = Release|Any CPU
		{33F7B856-E12C-4CDC-9652-49E327BDBA75}.Release|Any CPU.Build.0 = Release|Any CPU
		{1A3D66AB-24FD-49CD-B85F-920F7AD560D6}.Debug|Any CPU.ActiveCfg = Debug|Any CPU
		{1A3D66AB-24FD-49CD-B85F-920F7AD560D6}.Debug|Any CPU.Build.0 = Debug|Any CPU
		{1A3D66AB-24FD-49CD-B85F-920F7AD560D6}.Release|Any CPU.ActiveCfg = Release|Any CPU
		{1A3D66AB-24FD-49CD-B85F-920F7AD560D6}.Release|Any CPU.Build.0 = Release|Any CPU
		{D92D38A5-923A-4CE0-83B2-4578383EEC70}.Debug|Any CPU.ActiveCfg = Debug|Any CPU
		{D92D38A5-923A-4CE0-83B2-4578383EEC70}.Debug|Any CPU.Build.0 = Debug|Any CPU
		{D92D38A5-923A-4CE0-83B2-4578383EEC70}.Release|Any CPU.ActiveCfg = Release|Any CPU
		{D92D38A5-923A-4CE0-83B2-4578383EEC70}.Release|Any CPU.Build.0 = Release|Any CPU
		{82AAE197-20F9-44C9-9B86-D4673A8899A8}.Debug|Any CPU.ActiveCfg = Debug|Any CPU
		{82AAE197-20F9-44C9-9B86-D4673A8899A8}.Debug|Any CPU.Build.0 = Debug|Any CPU
		{82AAE197-20F9-44C9-9B86-D4673A8899A8}.Release|Any CPU.ActiveCfg = Release|Any CPU
		{82AAE197-20F9-44C9-9B86-D4673A8899A8}.Release|Any CPU.Build.0 = Release|Any CPU
		{7C51DD99-5243-40D9-BFB5-9E1F4DA4056B}.Debug|Any CPU.ActiveCfg = Debug|Any CPU
		{7C51DD99-5243-40D9-BFB5-9E1F4DA4056B}.Debug|Any CPU.Build.0 = Debug|Any CPU
		{7C51DD99-5243-40D9-BFB5-9E1F4DA4056B}.Release|Any CPU.ActiveCfg = Release|Any CPU
		{7C51DD99-5243-40D9-BFB5-9E1F4DA4056B}.Release|Any CPU.Build.0 = Release|Any CPU
		{7B9A4FAA-8D00-4A21-8EE6-6909A9152863}.Debug|Any CPU.ActiveCfg = Debug|Any CPU
		{7B9A4FAA-8D00-4A21-8EE6-6909A9152863}.Debug|Any CPU.Build.0 = Debug|Any CPU
		{7B9A4FAA-8D00-4A21-8EE6-6909A9152863}.Release|Any CPU.ActiveCfg = Release|Any CPU
		{7B9A4FAA-8D00-4A21-8EE6-6909A9152863}.Release|Any CPU.Build.0 = Release|Any CPU
		{D21B58AC-8D3E-4BE4-8D3F-4129686BDAE1}.Debug|Any CPU.ActiveCfg = Debug|Any CPU
		{D21B58AC-8D3E-4BE4-8D3F-4129686BDAE1}.Debug|Any CPU.Build.0 = Debug|Any CPU
		{D21B58AC-8D3E-4BE4-8D3F-4129686BDAE1}.Release|Any CPU.ActiveCfg = Release|Any CPU
		{D21B58AC-8D3E-4BE4-8D3F-4129686BDAE1}.Release|Any CPU.Build.0 = Release|Any CPU
		{2BAAF760-68D4-4198-998C-EDADFC7BA22F}.Debug|Any CPU.ActiveCfg = Debug|Any CPU
		{2BAAF760-68D4-4198-998C-EDADFC7BA22F}.Debug|Any CPU.Build.0 = Debug|Any CPU
		{2BAAF760-68D4-4198-998C-EDADFC7BA22F}.Release|Any CPU.ActiveCfg = Release|Any CPU
		{2BAAF760-68D4-4198-998C-EDADFC7BA22F}.Release|Any CPU.Build.0 = Release|Any CPU
		{F593B998-3CDB-4144-AE11-A857C7C296D1}.Debug|Any CPU.ActiveCfg = Debug|Any CPU
		{F593B998-3CDB-4144-AE11-A857C7C296D1}.Debug|Any CPU.Build.0 = Debug|Any CPU
		{F593B998-3CDB-4144-AE11-A857C7C296D1}.Release|Any CPU.ActiveCfg = Release|Any CPU
		{F593B998-3CDB-4144-AE11-A857C7C296D1}.Release|Any CPU.Build.0 = Release|Any CPU
		{4E873D6E-07DA-4525-9748-0F17F252CF77}.Debug|Any CPU.ActiveCfg = Debug|Any CPU
		{4E873D6E-07DA-4525-9748-0F17F252CF77}.Debug|Any CPU.Build.0 = Debug|Any CPU
		{4E873D6E-07DA-4525-9748-0F17F252CF77}.Release|Any CPU.ActiveCfg = Release|Any CPU
		{4E873D6E-07DA-4525-9748-0F17F252CF77}.Release|Any CPU.Build.0 = Release|Any CPU
		{B0819129-5CFA-4DF4-81F9-09A1D727E2AB}.Debug|Any CPU.ActiveCfg = Debug|Any CPU
		{B0819129-5CFA-4DF4-81F9-09A1D727E2AB}.Debug|Any CPU.Build.0 = Debug|Any CPU
		{B0819129-5CFA-4DF4-81F9-09A1D727E2AB}.Release|Any CPU.ActiveCfg = Release|Any CPU
		{B0819129-5CFA-4DF4-81F9-09A1D727E2AB}.Release|Any CPU.Build.0 = Release|Any CPU
		{652FE57C-B364-40DD-B083-B5EDBA95C9E6}.Debug|Any CPU.ActiveCfg = Debug|Any CPU
		{652FE57C-B364-40DD-B083-B5EDBA95C9E6}.Debug|Any CPU.Build.0 = Debug|Any CPU
		{652FE57C-B364-40DD-B083-B5EDBA95C9E6}.Release|Any CPU.ActiveCfg = Release|Any CPU
		{652FE57C-B364-40DD-B083-B5EDBA95C9E6}.Release|Any CPU.Build.0 = Release|Any CPU
		{CCAC7E7E-B062-4C1D-87D8-02BC3C91CEFF}.Debug|Any CPU.ActiveCfg = Debug|Any CPU
		{CCAC7E7E-B062-4C1D-87D8-02BC3C91CEFF}.Debug|Any CPU.Build.0 = Debug|Any CPU
		{CCAC7E7E-B062-4C1D-87D8-02BC3C91CEFF}.Release|Any CPU.ActiveCfg = Release|Any CPU
		{CCAC7E7E-B062-4C1D-87D8-02BC3C91CEFF}.Release|Any CPU.Build.0 = Release|Any CPU
		{EEE740AD-B5C6-4BF0-B43B-052834DED506}.Debug|Any CPU.ActiveCfg = Debug|Any CPU
		{EEE740AD-B5C6-4BF0-B43B-052834DED506}.Debug|Any CPU.Build.0 = Debug|Any CPU
		{EEE740AD-B5C6-4BF0-B43B-052834DED506}.Release|Any CPU.ActiveCfg = Release|Any CPU
		{EEE740AD-B5C6-4BF0-B43B-052834DED506}.Release|Any CPU.Build.0 = Release|Any CPU
		{2DDCBC74-4D19-45DE-AD9B-5D9B95C124C7}.Debug|Any CPU.ActiveCfg = Debug|Any CPU
		{2DDCBC74-4D19-45DE-AD9B-5D9B95C124C7}.Debug|Any CPU.Build.0 = Debug|Any CPU
		{2DDCBC74-4D19-45DE-AD9B-5D9B95C124C7}.Release|Any CPU.ActiveCfg = Release|Any CPU
		{2DDCBC74-4D19-45DE-AD9B-5D9B95C124C7}.Release|Any CPU.Build.0 = Release|Any CPU
		{22CD275A-2CDC-4E96-9A14-1690F8CBC0E8}.Debug|Any CPU.ActiveCfg = Debug|Any CPU
		{22CD275A-2CDC-4E96-9A14-1690F8CBC0E8}.Debug|Any CPU.Build.0 = Debug|Any CPU
		{22CD275A-2CDC-4E96-9A14-1690F8CBC0E8}.Release|Any CPU.ActiveCfg = Release|Any CPU
		{22CD275A-2CDC-4E96-9A14-1690F8CBC0E8}.Release|Any CPU.Build.0 = Release|Any CPU
		{51376F63-14B1-45F4-A730-D512C6F1C755}.Debug|Any CPU.ActiveCfg = Debug|Any CPU
		{51376F63-14B1-45F4-A730-D512C6F1C755}.Debug|Any CPU.Build.0 = Debug|Any CPU
		{51376F63-14B1-45F4-A730-D512C6F1C755}.Release|Any CPU.ActiveCfg = Release|Any CPU
		{51376F63-14B1-45F4-A730-D512C6F1C755}.Release|Any CPU.Build.0 = Release|Any CPU
		{2F67393E-DE50-44B4-97A8-47DF2C697C14}.Debug|Any CPU.ActiveCfg = Debug|Any CPU
		{2F67393E-DE50-44B4-97A8-47DF2C697C14}.Debug|Any CPU.Build.0 = Debug|Any CPU
		{2F67393E-DE50-44B4-97A8-47DF2C697C14}.Release|Any CPU.ActiveCfg = Release|Any CPU
		{2F67393E-DE50-44B4-97A8-47DF2C697C14}.Release|Any CPU.Build.0 = Release|Any CPU
		{4D76C5AD-B1BA-41EF-AAAE-96F585182567}.Debug|Any CPU.ActiveCfg = Debug|Any CPU
		{4D76C5AD-B1BA-41EF-AAAE-96F585182567}.Debug|Any CPU.Build.0 = Debug|Any CPU
		{4D76C5AD-B1BA-41EF-AAAE-96F585182567}.Release|Any CPU.ActiveCfg = Release|Any CPU
		{4D76C5AD-B1BA-41EF-AAAE-96F585182567}.Release|Any CPU.Build.0 = Release|Any CPU
		{9082911B-ABFE-4357-B516-DC3222C98484}.Debug|Any CPU.ActiveCfg = Debug|Any CPU
		{9082911B-ABFE-4357-B516-DC3222C98484}.Debug|Any CPU.Build.0 = Debug|Any CPU
		{9082911B-ABFE-4357-B516-DC3222C98484}.Release|Any CPU.ActiveCfg = Release|Any CPU
		{9082911B-ABFE-4357-B516-DC3222C98484}.Release|Any CPU.Build.0 = Release|Any CPU
		{D931CC10-5B5E-45C3-BEED-78C30545562B}.Debug|Any CPU.ActiveCfg = Debug|Any CPU
		{D931CC10-5B5E-45C3-BEED-78C30545562B}.Debug|Any CPU.Build.0 = Debug|Any CPU
		{D931CC10-5B5E-45C3-BEED-78C30545562B}.Release|Any CPU.ActiveCfg = Release|Any CPU
		{D931CC10-5B5E-45C3-BEED-78C30545562B}.Release|Any CPU.Build.0 = Release|Any CPU
		{8E4A246B-0E79-4488-9246-B45499EE956F}.Debug|Any CPU.ActiveCfg = Debug|Any CPU
		{8E4A246B-0E79-4488-9246-B45499EE956F}.Debug|Any CPU.Build.0 = Debug|Any CPU
		{8E4A246B-0E79-4488-9246-B45499EE956F}.Release|Any CPU.ActiveCfg = Release|Any CPU
		{8E4A246B-0E79-4488-9246-B45499EE956F}.Release|Any CPU.Build.0 = Release|Any CPU
		{0428CF8C-1363-4941-8A8D-9D0A2777A85E}.Debug|Any CPU.ActiveCfg = Debug|Any CPU
		{0428CF8C-1363-4941-8A8D-9D0A2777A85E}.Debug|Any CPU.Build.0 = Debug|Any CPU
		{0428CF8C-1363-4941-8A8D-9D0A2777A85E}.Release|Any CPU.ActiveCfg = Release|Any CPU
		{0428CF8C-1363-4941-8A8D-9D0A2777A85E}.Release|Any CPU.Build.0 = Release|Any CPU
		{E0375C00-E000-4CAC-AB11-B90FD8E5B2F3}.Debug|Any CPU.ActiveCfg = Debug|Any CPU
		{E0375C00-E000-4CAC-AB11-B90FD8E5B2F3}.Debug|Any CPU.Build.0 = Debug|Any CPU
		{E0375C00-E000-4CAC-AB11-B90FD8E5B2F3}.Release|Any CPU.ActiveCfg = Release|Any CPU
		{E0375C00-E000-4CAC-AB11-B90FD8E5B2F3}.Release|Any CPU.Build.0 = Release|Any CPU
		{3D77B813-4819-41BB-98B8-B66B15D57684}.Debug|Any CPU.ActiveCfg = Debug|Any CPU
		{3D77B813-4819-41BB-98B8-B66B15D57684}.Debug|Any CPU.Build.0 = Debug|Any CPU
		{3D77B813-4819-41BB-98B8-B66B15D57684}.Release|Any CPU.ActiveCfg = Release|Any CPU
		{3D77B813-4819-41BB-98B8-B66B15D57684}.Release|Any CPU.Build.0 = Release|Any CPU
		{BDCF1C00-D0D9-4328-8817-4D093F30CEE1}.Debug|Any CPU.ActiveCfg = Debug|Any CPU
		{BDCF1C00-D0D9-4328-8817-4D093F30CEE1}.Debug|Any CPU.Build.0 = Debug|Any CPU
		{BDCF1C00-D0D9-4328-8817-4D093F30CEE1}.Release|Any CPU.ActiveCfg = Release|Any CPU
		{BDCF1C00-D0D9-4328-8817-4D093F30CEE1}.Release|Any CPU.Build.0 = Release|Any CPU
		{7AEAD788-E78D-4825-9761-AEB2570DE3E0}.Debug|Any CPU.ActiveCfg = Debug|Any CPU
		{7AEAD788-E78D-4825-9761-AEB2570DE3E0}.Debug|Any CPU.Build.0 = Debug|Any CPU
		{7AEAD788-E78D-4825-9761-AEB2570DE3E0}.Release|Any CPU.ActiveCfg = Release|Any CPU
		{7AEAD788-E78D-4825-9761-AEB2570DE3E0}.Release|Any CPU.Build.0 = Release|Any CPU
		{349DA1D6-1BE7-40F2-862F-136773913372}.Debug|Any CPU.ActiveCfg = Debug|Any CPU
		{349DA1D6-1BE7-40F2-862F-136773913372}.Debug|Any CPU.Build.0 = Debug|Any CPU
		{349DA1D6-1BE7-40F2-862F-136773913372}.Release|Any CPU.ActiveCfg = Release|Any CPU
		{349DA1D6-1BE7-40F2-862F-136773913372}.Release|Any CPU.Build.0 = Release|Any CPU
		{5323A62A-EE22-4A47-96B7-D32F0FA1C755}.Debug|Any CPU.ActiveCfg = Debug|Any CPU
		{5323A62A-EE22-4A47-96B7-D32F0FA1C755}.Debug|Any CPU.Build.0 = Debug|Any CPU
		{5323A62A-EE22-4A47-96B7-D32F0FA1C755}.Release|Any CPU.ActiveCfg = Release|Any CPU
		{5323A62A-EE22-4A47-96B7-D32F0FA1C755}.Release|Any CPU.Build.0 = Release|Any CPU
		{590469F3-F2CA-45D3-97AB-5B7F5D6FE7A0}.Debug|Any CPU.ActiveCfg = Debug|Any CPU
		{590469F3-F2CA-45D3-97AB-5B7F5D6FE7A0}.Debug|Any CPU.Build.0 = Debug|Any CPU
		{590469F3-F2CA-45D3-97AB-5B7F5D6FE7A0}.Release|Any CPU.ActiveCfg = Release|Any CPU
		{590469F3-F2CA-45D3-97AB-5B7F5D6FE7A0}.Release|Any CPU.Build.0 = Release|Any CPU
		{CDF3C53D-CA2F-4FF1-928F-5F780F095314}.Debug|Any CPU.ActiveCfg = Debug|Any CPU
		{CDF3C53D-CA2F-4FF1-928F-5F780F095314}.Debug|Any CPU.Build.0 = Debug|Any CPU
		{CDF3C53D-CA2F-4FF1-928F-5F780F095314}.Release|Any CPU.ActiveCfg = Release|Any CPU
		{CDF3C53D-CA2F-4FF1-928F-5F780F095314}.Release|Any CPU.Build.0 = Release|Any CPU
		{FC169B21-D0C7-438C-BE78-D10480DACAB8}.Debug|Any CPU.ActiveCfg = Debug|Any CPU
		{FC169B21-D0C7-438C-BE78-D10480DACAB8}.Debug|Any CPU.Build.0 = Debug|Any CPU
		{FC169B21-D0C7-438C-BE78-D10480DACAB8}.Release|Any CPU.ActiveCfg = Release|Any CPU
		{FC169B21-D0C7-438C-BE78-D10480DACAB8}.Release|Any CPU.Build.0 = Release|Any CPU
		{D92FABC0-94E2-4B08-87F4-EF7972C79A3C}.Debug|Any CPU.ActiveCfg = Debug|Any CPU
		{D92FABC0-94E2-4B08-87F4-EF7972C79A3C}.Debug|Any CPU.Build.0 = Debug|Any CPU
		{D92FABC0-94E2-4B08-87F4-EF7972C79A3C}.Release|Any CPU.ActiveCfg = Release|Any CPU
		{D92FABC0-94E2-4B08-87F4-EF7972C79A3C}.Release|Any CPU.Build.0 = Release|Any CPU
		{6A631AAE-28E7-4177-A7D6-99ED5E5A0600}.Debug|Any CPU.ActiveCfg = Debug|Any CPU
		{6A631AAE-28E7-4177-A7D6-99ED5E5A0600}.Debug|Any CPU.Build.0 = Debug|Any CPU
		{6A631AAE-28E7-4177-A7D6-99ED5E5A0600}.Release|Any CPU.ActiveCfg = Release|Any CPU
		{6A631AAE-28E7-4177-A7D6-99ED5E5A0600}.Release|Any CPU.Build.0 = Release|Any CPU
		{5CE49E3E-D32F-4840-A28B-F99025D3EB88}.Debug|Any CPU.ActiveCfg = Debug|Any CPU
		{5CE49E3E-D32F-4840-A28B-F99025D3EB88}.Debug|Any CPU.Build.0 = Debug|Any CPU
		{5CE49E3E-D32F-4840-A28B-F99025D3EB88}.Release|Any CPU.ActiveCfg = Release|Any CPU
		{5CE49E3E-D32F-4840-A28B-F99025D3EB88}.Release|Any CPU.Build.0 = Release|Any CPU
		{840E295B-7466-4368-9FE9-89008A5D1A8E}.Debug|Any CPU.ActiveCfg = Debug|Any CPU
		{840E295B-7466-4368-9FE9-89008A5D1A8E}.Debug|Any CPU.Build.0 = Debug|Any CPU
		{840E295B-7466-4368-9FE9-89008A5D1A8E}.Release|Any CPU.ActiveCfg = Release|Any CPU
		{840E295B-7466-4368-9FE9-89008A5D1A8E}.Release|Any CPU.Build.0 = Release|Any CPU
		{8888A9E8-9513-4654-89FA-11C71BC23F93}.Debug|Any CPU.ActiveCfg = Debug|Any CPU
		{8888A9E8-9513-4654-89FA-11C71BC23F93}.Debug|Any CPU.Build.0 = Debug|Any CPU
		{8888A9E8-9513-4654-89FA-11C71BC23F93}.Release|Any CPU.ActiveCfg = Release|Any CPU
		{8888A9E8-9513-4654-89FA-11C71BC23F93}.Release|Any CPU.Build.0 = Release|Any CPU
		{746E5F87-AF61-4DA5-B58C-76E038042831}.Debug|Any CPU.ActiveCfg = Debug|Any CPU
		{746E5F87-AF61-4DA5-B58C-76E038042831}.Debug|Any CPU.Build.0 = Debug|Any CPU
		{746E5F87-AF61-4DA5-B58C-76E038042831}.Release|Any CPU.ActiveCfg = Release|Any CPU
		{746E5F87-AF61-4DA5-B58C-76E038042831}.Release|Any CPU.Build.0 = Release|Any CPU
		{0971E433-6A35-456F-B456-8D3F1046FC8D}.Debug|Any CPU.ActiveCfg = Debug|Any CPU
		{0971E433-6A35-456F-B456-8D3F1046FC8D}.Debug|Any CPU.Build.0 = Debug|Any CPU
		{0971E433-6A35-456F-B456-8D3F1046FC8D}.Release|Any CPU.ActiveCfg = Release|Any CPU
		{0971E433-6A35-456F-B456-8D3F1046FC8D}.Release|Any CPU.Build.0 = Release|Any CPU
		{BA4FCE43-E9CC-44B6-B7DD-D70C35BBD69D}.Debug|Any CPU.ActiveCfg = Debug|Any CPU
		{BA4FCE43-E9CC-44B6-B7DD-D70C35BBD69D}.Debug|Any CPU.Build.0 = Debug|Any CPU
		{BA4FCE43-E9CC-44B6-B7DD-D70C35BBD69D}.Release|Any CPU.ActiveCfg = Release|Any CPU
		{BA4FCE43-E9CC-44B6-B7DD-D70C35BBD69D}.Release|Any CPU.Build.0 = Release|Any CPU
	EndGlobalSection
	GlobalSection(SolutionProperties) = preSolution
		HideSolutionNode = FALSE
	EndGlobalSection
	GlobalSection(NestedProjects) = preSolution
		{2607B98C-686D-417E-ABFA-A8EA5307769E} = {C22416E6-A406-44C9-9347-D6E9826FE6F9}
		{EEE740AD-B5C6-4BF0-B43B-052834DED506} = {2607B98C-686D-417E-ABFA-A8EA5307769E}
		{2DDCBC74-4D19-45DE-AD9B-5D9B95C124C7} = {C22416E6-A406-44C9-9347-D6E9826FE6F9}
		{22CD275A-2CDC-4E96-9A14-1690F8CBC0E8} = {C22416E6-A406-44C9-9347-D6E9826FE6F9}
		{51376F63-14B1-45F4-A730-D512C6F1C755} = {C22416E6-A406-44C9-9347-D6E9826FE6F9}
		{2F67393E-DE50-44B4-97A8-47DF2C697C14} = {C22416E6-A406-44C9-9347-D6E9826FE6F9}
		{4D76C5AD-B1BA-41EF-AAAE-96F585182567} = {C22416E6-A406-44C9-9347-D6E9826FE6F9}
		{9082911B-ABFE-4357-B516-DC3222C98484} = {C22416E6-A406-44C9-9347-D6E9826FE6F9}
		{D931CC10-5B5E-45C3-BEED-78C30545562B} = {C22416E6-A406-44C9-9347-D6E9826FE6F9}
		{8E4A246B-0E79-4488-9246-B45499EE956F} = {C22416E6-A406-44C9-9347-D6E9826FE6F9}
		{0428CF8C-1363-4941-8A8D-9D0A2777A85E} = {C22416E6-A406-44C9-9347-D6E9826FE6F9}
		{E0375C00-E000-4CAC-AB11-B90FD8E5B2F3} = {C22416E6-A406-44C9-9347-D6E9826FE6F9}
		{3D77B813-4819-41BB-98B8-B66B15D57684} = {C22416E6-A406-44C9-9347-D6E9826FE6F9}
	EndGlobalSection
	GlobalSection(ExtensibilityGlobals) = postSolution
		SolutionGuid = {C0D2C443-9946-4077-A654-1B47F8842F19}
	EndGlobalSection
EndGlobal
